
Microsoft Visual Studio Solution File, Format Version 12.00
Project("{FAE04EC0-301F-11D3-BF4B-00C04F79EFBC}") = "Sigma.API", "Sigma.API\Sigma.API.csproj", "{3B825682-9778-4CD4-93C5-0ADDA828A7AE}"
EndProject
Project("{FAE04EC0-301F-11D3-BF4B-00C04F79EFBC}") = "Sigma.DAL", "Sigma.DAL\Sigma.DAL.csproj", "{CC077DA9-46F6-46F4-A122-B319DA168F3D}"
EndProject
Global
	GlobalSection(SolutionConfigurationPlatforms) = preSolution
		Debug|Any CPU = Debug|Any CPU
		Release|Any CPU = Release|Any CPU
	EndGlobalSection
	GlobalSection(ProjectConfigurationPlatforms) = postSolution
		{3B825682-9778-4CD4-93C5-0ADDA828A7AE}.Debug|Any CPU.ActiveCfg = Debug|Any CPU
		{3B825682-9778-4CD4-93C5-0ADDA828A7AE}.Debug|Any CPU.Build.0 = Debug|Any CPU
		{3B825682-9778-4CD4-93C5-0ADDA828A7AE}.Release|Any CPU.ActiveCfg = Release|Any CPU
		{3B825682-9778-4CD4-93C5-0ADDA828A7AE}.Release|Any CPU.Build.0 = Release|Any CPU
		{CC077DA9-46F6-46F4-A122-B319DA168F3D}.Debug|Any CPU.ActiveCfg = Debug|Any CPU
		{CC077DA9-46F6-46F4-A122-B319DA168F3D}.Debug|Any CPU.Build.0 = Debug|Any CPU
		{CC077DA9-46F6-46F4-A122-B319DA168F3D}.Release|Any CPU.ActiveCfg = Release|Any CPU
		{CC077DA9-46F6-46F4-A122-B319DA168F3D}.Release|Any CPU.Build.0 = Release|Any CPU
	EndGlobalSection
EndGlobal
